
Microsoft Visual Studio Solution File, Format Version 12.00
# Visual Studio Version 17
VisualStudioVersion = 17.0.31903.59
MinimumVisualStudioVersion = 10.0.40219.1
Project("{FAE04EC0-301F-11D3-BF4B-00C04F79EFBC}") = "IT4You.API", "IT4You.API\IT4You.API.csproj", "{F7E7F83F-BA9D-447B-807C-7BC63C257D1F}"
EndProject
Project("{FAE04EC0-301F-11D3-BF4B-00C04F79EFBC}") = "IT4You.Domain", "IT4You.Domain\IT4You.Domain.csproj", "{5B6D41CD-3851-4808-B779-8800470F82DC}"
EndProject
Project("{FAE04EC0-301F-11D3-BF4B-00C04F79EFBC}") = "IT4You.Application", "IT4You.Application\IT4You.Application.csproj", "{75DBC046-112C-4677-85C6-4F619B66CCD2}"
EndProject
Project("{FAE04EC0-301F-11D3-BF4B-00C04F79EFBC}") = "IT4You.Infrastructure", "IT4You.Infrastructure\IT4You.Infrastructure.csproj", "{0FE1DF7B-E88E-4CEC-9524-8D9A010C732C}"
EndProject
Global
	GlobalSection(SolutionConfigurationPlatforms) = preSolution
		Debug|Any CPU = Debug|Any CPU
		Release|Any CPU = Release|Any CPU
	EndGlobalSection
	GlobalSection(SolutionProperties) = preSolution
		HideSolutionNode = FALSE
	EndGlobalSection
	GlobalSection(ProjectConfigurationPlatforms) = postSolution
		{F7E7F83F-BA9D-447B-807C-7BC63C257D1F}.Debug|Any CPU.ActiveCfg = Debug|Any CPU
		{F7E7F83F-BA9D-447B-807C-7BC63C257D1F}.Debug|Any CPU.Build.0 = Debug|Any CPU
		{F7E7F83F-BA9D-447B-807C-7BC63C257D1F}.Release|Any CPU.ActiveCfg = Release|Any CPU
		{F7E7F83F-BA9D-447B-807C-7BC63C257D1F}.Release|Any CPU.Build.0 = Release|Any CPU
		{5B6D41CD-3851-4808-B779-8800470F82DC}.Debug|Any CPU.ActiveCfg = Debug|Any CPU
		{5B6D41CD-3851-4808-B779-8800470F82DC}.Debug|Any CPU.Build.0 = Debug|Any CPU
		{5B6D41CD-3851-4808-B779-8800470F82DC}.Release|Any CPU.ActiveCfg = Release|Any CPU
		{5B6D41CD-3851-4808-B779-8800470F82DC}.Release|Any CPU.Build.0 = Release|Any CPU
		{75DBC046-112C-4677-85C6-4F619B66CCD2}.Debug|Any CPU.ActiveCfg = Debug|Any CPU
		{75DBC046-112C-4677-85C6-4F619B66CCD2}.Debug|Any CPU.Build.0 = Debug|Any CPU
		{75DBC046-112C-4677-85C6-4F619B66CCD2}.Release|Any CPU.ActiveCfg = Release|Any CPU
		{75DBC046-112C-4677-85C6-4F619B66CCD2}.Release|Any CPU.Build.0 = Release|Any CPU
		{0FE1DF7B-E88E-4CEC-9524-8D9A010C732C}.Debug|Any CPU.ActiveCfg = Debug|Any CPU
		{0FE1DF7B-E88E-4CEC-9524-8D9A010C732C}.Debug|Any CPU.Build.0 = Debug|Any CPU
		{0FE1DF7B-E88E-4CEC-9524-8D9A010C732C}.Release|Any CPU.ActiveCfg = Release|Any CPU
		{0FE1DF7B-E88E-4CEC-9524-8D9A010C732C}.Release|Any CPU.Build.0 = Release|Any CPU
	EndGlobalSection
EndGlobal
